
Microsoft Visual Studio Solution File, Format Version 12.00
# Visual Studio Version 18
VisualStudioVersion = 18.0.11217.181 d18.0
MinimumVisualStudioVersion = 10.0.40219.1
Project("{FAE04EC0-301F-11D3-BF4B-00C04F79EFBC}") = "SAM_IAPWS", "SAM_IAPWS\SAM_IAPWS.csproj", "{CC18AB28-FDF4-4D7E-B45A-A03406ACB9A2}"
EndProject
Project("{FAE04EC0-301F-11D3-BF4B-00C04F79EFBC}") = "SAM_Mollier", "SAM_Mollier\SAM_Mollier.csproj", "{5FC1F323-DB20-417E-90AE-D2F91CE4810A}"
EndProject
Project("{FAE04EC0-301F-11D3-BF4B-00C04F79EFBC}") = "SAM_Validation", "SAM_Validation\SAM_Validation.csproj", "{5A18E1C0-C2A7-4709-AD6F-4B77F41ED239}"
EndProject
Project("{FAE04EC0-301F-11D3-BF4B-00C04F79EFBC}") = "SAM.Analytical.Benchmark", "SAM.Analytical.Benchmark\SAM.Analytical.Benchmark.csproj", "{A0E10A5F-698A-4D12-A76D-2F8D293B89E1}"
EndProject
Project("{FAE04EC0-301F-11D3-BF4B-00C04F79EFBC}") = "SAM.Analytical.Benchmark.Tests", "SAM.Analytical.Benchmark.Tests\SAM.Analytical.Benchmark.Tests.csproj", "{A6C4F453-F2A9-43E4-8628-968868162703}"
EndProject
Project("{2150E333-8FDC-42A3-9474-1A3956D46DE8}") = "Solution Items", "Solution Items", "{0B5632B9-81D8-46FF-B139-112C05D4428C}"
	ProjectSection(SolutionItems) = preProject
		.editorconfig = .editorconfig
	EndProjectSection
EndProject
Global
	GlobalSection(SolutionConfigurationPlatforms) = preSolution
		Debug|Any CPU = Debug|Any CPU
		Release|Any CPU = Release|Any CPU
	EndGlobalSection
	GlobalSection(ProjectConfigurationPlatforms) = postSolution
		{CC18AB28-FDF4-4D7E-B45A-A03406ACB9A2}.Debug|Any CPU.ActiveCfg = Debug|Any CPU
		{CC18AB28-FDF4-4D7E-B45A-A03406ACB9A2}.Debug|Any CPU.Build.0 = Debug|Any CPU
		{CC18AB28-FDF4-4D7E-B45A-A03406ACB9A2}.Release|Any CPU.ActiveCfg = Release|Any CPU
		{CC18AB28-FDF4-4D7E-B45A-A03406ACB9A2}.Release|Any CPU.Build.0 = Release|Any CPU
		{5FC1F323-DB20-417E-90AE-D2F91CE4810A}.Debug|Any CPU.ActiveCfg = Debug|Any CPU
		{5FC1F323-DB20-417E-90AE-D2F91CE4810A}.Debug|Any CPU.Build.0 = Debug|Any CPU
		{5FC1F323-DB20-417E-90AE-D2F91CE4810A}.Release|Any CPU.ActiveCfg = Release|Any CPU
		{5FC1F323-DB20-417E-90AE-D2F91CE4810A}.Release|Any CPU.Build.0 = Release|Any CPU
		{5A18E1C0-C2A7-4709-AD6F-4B77F41ED239}.Debug|Any CPU.ActiveCfg = Debug|Any CPU
		{5A18E1C0-C2A7-4709-AD6F-4B77F41ED239}.Debug|Any CPU.Build.0 = Debug|Any CPU
		{5A18E1C0-C2A7-4709-AD6F-4B77F41ED239}.Release|Any CPU.ActiveCfg = Release|Any CPU
		{5A18E1C0-C2A7-4709-AD6F-4B77F41ED239}.Release|Any CPU.Build.0 = Release|Any CPU
		{A0E10A5F-698A-4D12-A76D-2F8D293B89E1}.Debug|Any CPU.ActiveCfg = Debug|Any CPU
		{A0E10A5F-698A-4D12-A76D-2F8D293B89E1}.Debug|Any CPU.Build.0 = Debug|Any CPU
		{A0E10A5F-698A-4D12-A76D-2F8D293B89E1}.Release|Any CPU.ActiveCfg = Release|Any CPU
		{A0E10A5F-698A-4D12-A76D-2F8D293B89E1}.Release|Any CPU.Build.0 = Release|Any CPU
		{A6C4F453-F2A9-43E4-8628-968868162703}.Debug|Any CPU.ActiveCfg = Debug|Any CPU
		{A6C4F453-F2A9-43E4-8628-968868162703}.Debug|Any CPU.Build.0 = Debug|Any CPU
		{A6C4F453-F2A9-43E4-8628-968868162703}.Release|Any CPU.ActiveCfg = Release|Any CPU
		{A6C4F453-F2A9-43E4-8628-968868162703}.Release|Any CPU.Build.0 = Release|Any CPU
	EndGlobalSection
	GlobalSection(SolutionProperties) = preSolution
		HideSolutionNode = FALSE
	EndGlobalSection
	GlobalSection(ExtensibilityGlobals) = postSolution
		SolutionGuid = {14D6C0A2-4BB4-4738-9832-9E35E65DA1C9}
	EndGlobalSection
EndGlobal
